
Microsoft Visual Studio Solution File, Format Version 12.00
# Visual Studio Version 17
VisualStudioVersion = 17.4.33122.133
MinimumVisualStudioVersion = 10.0.40219.1
Project("{FAE04EC0-301F-11D3-BF4B-00C04F79EFBC}") = "task3(5-2)", "task3(5-2)\task3(5-2).csproj", "{A17F999E-7475-4A84-800B-D0D872203424}"
EndProject
Global
	GlobalSection(SolutionConfigurationPlatforms) = preSolution
		Debug|Any CPU = Debug|Any CPU
		Release|Any CPU = Release|Any CPU
	EndGlobalSection
	GlobalSection(ProjectConfigurationPlatforms) = postSolution
		{A17F999E-7475-4A84-800B-D0D872203424}.Debug|Any CPU.ActiveCfg = Debug|Any CPU
		{A17F999E-7475-4A84-800B-D0D872203424}.Debug|Any CPU.Build.0 = Debug|Any CPU
		{A17F999E-7475-4A84-800B-D0D872203424}.Release|Any CPU.ActiveCfg = Release|Any CPU
		{A17F999E-7475-4A84-800B-D0D872203424}.Release|Any CPU.Build.0 = Release|Any CPU
	EndGlobalSection
	GlobalSection(SolutionProperties) = preSolution
		HideSolutionNode = FALSE
	EndGlobalSection
	GlobalSection(ExtensibilityGlobals) = postSolution
		SolutionGuid = {14B3C2B8-1FE0-4995-A7CD-05044B89E188}
	EndGlobalSection
EndGlobal
