
Microsoft Visual Studio Solution File, Format Version 12.00
# Visual Studio Version 17
VisualStudioVersion = 17.4.33122.133
MinimumVisualStudioVersion = 10.0.40219.1
Project("{FAE04EC0-301F-11D3-BF4B-00C04F79EFBC}") = "task2(1-2)", "task2(1-2)\task2(1-2).csproj", "{0D22C218-AEAB-4A5A-9997-5BE18831609F}"
EndProject
Global
	GlobalSection(SolutionConfigurationPlatforms) = preSolution
		Debug|Any CPU = Debug|Any CPU
		Release|Any CPU = Release|Any CPU
	EndGlobalSection
	GlobalSection(ProjectConfigurationPlatforms) = postSolution
		{0D22C218-AEAB-4A5A-9997-5BE18831609F}.Debug|Any CPU.ActiveCfg = Debug|Any CPU
		{0D22C218-AEAB-4A5A-9997-5BE18831609F}.Debug|Any CPU.Build.0 = Debug|Any CPU
		{0D22C218-AEAB-4A5A-9997-5BE18831609F}.Release|Any CPU.ActiveCfg = Release|Any CPU
		{0D22C218-AEAB-4A5A-9997-5BE18831609F}.Release|Any CPU.Build.0 = Release|Any CPU
	EndGlobalSection
	GlobalSection(SolutionProperties) = preSolution
		HideSolutionNode = FALSE
	EndGlobalSection
	GlobalSection(ExtensibilityGlobals) = postSolution
		SolutionGuid = {89E7B492-086F-48B2-A4FC-D2890C0FE876}
	EndGlobalSection
EndGlobal
