
Microsoft Visual Studio Solution File, Format Version 12.00
# Visual Studio Version 17
VisualStudioVersion = 17.4.33122.133
MinimumVisualStudioVersion = 10.0.40219.1
Project("{FAE04EC0-301F-11D3-BF4B-00C04F79EFBC}") = "task(2-2)", "task(2-2)\task(2-2).csproj", "{9CE2ED14-5412-454A-A759-3CD6FC0408DA}"
EndProject
Global
	GlobalSection(SolutionConfigurationPlatforms) = preSolution
		Debug|Any CPU = Debug|Any CPU
		Release|Any CPU = Release|Any CPU
	EndGlobalSection
	GlobalSection(ProjectConfigurationPlatforms) = postSolution
		{9CE2ED14-5412-454A-A759-3CD6FC0408DA}.Debug|Any CPU.ActiveCfg = Debug|Any CPU
		{9CE2ED14-5412-454A-A759-3CD6FC0408DA}.Debug|Any CPU.Build.0 = Debug|Any CPU
		{9CE2ED14-5412-454A-A759-3CD6FC0408DA}.Release|Any CPU.ActiveCfg = Release|Any CPU
		{9CE2ED14-5412-454A-A759-3CD6FC0408DA}.Release|Any CPU.Build.0 = Release|Any CPU
	EndGlobalSection
	GlobalSection(SolutionProperties) = preSolution
		HideSolutionNode = FALSE
	EndGlobalSection
	GlobalSection(ExtensibilityGlobals) = postSolution
		SolutionGuid = {D1A6E3DE-2629-42E3-ADDE-17F54067F33C}
	EndGlobalSection
EndGlobal
