
Microsoft Visual Studio Solution File, Format Version 12.00
# Visual Studio Version 17
VisualStudioVersion = 17.4.33122.133
MinimumVisualStudioVersion = 10.0.40219.1
Project("{FAE04EC0-301F-11D3-BF4B-00C04F79EFBC}") = "task(13-2)", "task(13-2)\task(13-2).csproj", "{CAABECCE-8B67-4DCE-9B4D-8974D7677CFC}"
EndProject
Global
	GlobalSection(SolutionConfigurationPlatforms) = preSolution
		Debug|Any CPU = Debug|Any CPU
		Release|Any CPU = Release|Any CPU
	EndGlobalSection
	GlobalSection(ProjectConfigurationPlatforms) = postSolution
		{CAABECCE-8B67-4DCE-9B4D-8974D7677CFC}.Debug|Any CPU.ActiveCfg = Debug|Any CPU
		{CAABECCE-8B67-4DCE-9B4D-8974D7677CFC}.Debug|Any CPU.Build.0 = Debug|Any CPU
		{CAABECCE-8B67-4DCE-9B4D-8974D7677CFC}.Release|Any CPU.ActiveCfg = Release|Any CPU
		{CAABECCE-8B67-4DCE-9B4D-8974D7677CFC}.Release|Any CPU.Build.0 = Release|Any CPU
	EndGlobalSection
	GlobalSection(SolutionProperties) = preSolution
		HideSolutionNode = FALSE
	EndGlobalSection
	GlobalSection(ExtensibilityGlobals) = postSolution
		SolutionGuid = {019D5646-31EE-4F9E-9266-A14A6E7DFB2B}
	EndGlobalSection
EndGlobal
